
Microsoft Visual Studio Solution File, Format Version 12.00
# Visual Studio Version 17
VisualStudioVersion = 17.9.34607.119
MinimumVisualStudioVersion = 10.0.40219.1
Project("{FAE04EC0-301F-11D3-BF4B-00C04F79EFBC}") = "MapLibreGL", "MapLibreGL\MapLibreGL.csproj", "{7888A7E1-33BE-46D6-97D5-89D5ABB8F84A}"
EndProject
Global
	GlobalSection(SolutionConfigurationPlatforms) = preSolution
		Debug|Any CPU = Debug|Any CPU
		Release|Any CPU = Release|Any CPU
	EndGlobalSection
	GlobalSection(ProjectConfigurationPlatforms) = postSolution
		{7888A7E1-33BE-46D6-97D5-89D5ABB8F84A}.Debug|Any CPU.ActiveCfg = Debug|Any CPU
		{7888A7E1-33BE-46D6-97D5-89D5ABB8F84A}.Debug|Any CPU.Build.0 = Debug|Any CPU
		{7888A7E1-33BE-46D6-97D5-89D5ABB8F84A}.Release|Any CPU.ActiveCfg = Release|Any CPU
		{7888A7E1-33BE-46D6-97D5-89D5ABB8F84A}.Release|Any CPU.Build.0 = Release|Any CPU
	EndGlobalSection
	GlobalSection(SolutionProperties) = preSolution
		HideSolutionNode = FALSE
	EndGlobalSection
	GlobalSection(ExtensibilityGlobals) = postSolution
		SolutionGuid = {7EE63A22-0A89-4353-AED7-B05AEBFCDC24}
	EndGlobalSection
EndGlobal
